<?xml version="1.0" encoding="utf-8"?>
<Project ToolsVersion="4.0" xmlns="http://schemas.microsoft.com/developer/msbuild/2003">
  <ItemGroup>
    <ClCompile Include="test.cpp" />
    <ClCompile Include="pch.cpp" />
  </ItemGroup>
  <ItemGroup>
    <ClInclude Include="pch.h" />
    <ClInclude Include="..\adaptor.glm.h">
      <Filter>Adapters</Filter>
    </ClInclude>
    <ClInclude Include="..\adaptor.cgal.h">
      <Filter>Adapters</Filter>
    </ClInclude>
  </ItemGroup>
  <ItemGroup>
    <None Include="packages.config" />
  </ItemGroup>
  <ItemGroup>
    <Filter Include="Adapters">
      <UniqueIdentifier>{bb49d17a-b3d1-4108-b8e9-a0c4e9d02a22}</UniqueIdentifier>
    </Filter>
  </ItemGroup>
</Project>