<?xml version="1.0" encoding="utf-8"?>
<Project ToolsVersion="4.0" xmlns="http://schemas.microsoft.com/developer/msbuild/2003">
  <ItemGroup>
    <Filter Include="Source Files">
      <UniqueIdentifier>{4FC737F1-C7A5-4376-A066-2A32D752A2FF}</UniqueIdentifier>
      <Extensions>cpp;c;cc;cxx;c++;cppm;ixx;def;odl;idl;hpj;bat;asm;asmx</Extensions>
    </Filter>
    <Filter Include="Header Files">
      <UniqueIdentifier>{93995380-89BD-4b04-88EB-625FBE52EBFB}</UniqueIdentifier>
      <Extensions>h;hh;hpp;hxx;h++;hm;inl;inc;ipp;xsd</Extensions>
    </Filter>
    <Filter Include="Resource Files">
      <UniqueIdentifier>{67DA6AB6-F800-4c08-8B7A-83BB121AAD01}</UniqueIdentifier>
      <Extensions>rc;ico;cur;bmp;dlg;rc2;rct;bin;rgs;gif;jpg;jpeg;jpe;resx;tiff;tif;png;wav;mfcribbon-ms</Extensions>
    </Filter>
    <Filter Include="Header Files\include">
      <UniqueIdentifier>{ced7ebab-3f27-484e-9f5e-0ebc276e227f}</UniqueIdentifier>
    </Filter>
    <Filter Include="Header Files\include\detail">
      <UniqueIdentifier>{9de3b7d1-307f-4375-8c8f-26b81af53f59}</UniqueIdentifier>
    </Filter>
    <Filter Include="Header Files\include\adapters">
      <UniqueIdentifier>{099ca9bf-a918-4773-9f94-4d11cb47ae53}</UniqueIdentifier>
    </Filter>
  </ItemGroup>
  <ItemGroup>
    <ClCompile Include="general.tests.cpp">
      <Filter>Source Files</Filter>
    </ClCompile>
    <ClCompile Include="pch.cpp">
      <Filter>Source Files</Filter>
    </ClCompile>
    <ClCompile Include="adapter.tests.cpp">
      <Filter>Source Files</Filter>
    </ClCompile>
    <ClCompile Include="performance.tests.cpp">
      <Filter>Source Files</Filter>
    </ClCompile>
    <ClCompile Include="bitset.arithmetic.tests.cpp">
      <Filter>Source Files</Filter>
    </ClCompile>
    <ClCompile Include="example.tests.cpp">
      <Filter>Source Files</Filter>
    </ClCompile>
    <ClCompile Include="random.tests.cpp">
      <Filter>Source Files</Filter>
    </ClCompile>
    <ClCompile Include="compile.tests.cpp">
      <Filter>Source Files</Filter>
    </ClCompile>
  </ItemGroup>
  <ItemGroup>
    <ClInclude Include="pch.h">
      <Filter>Header Files</Filter>
    </ClInclude>
    <ClInclude Include="..\include\octree\octree.h">
      <Filter>Header Files\include</Filter>
    </ClInclude>
    <ClInclude Include="..\include\octree\octree_container.h">
      <Filter>Header Files\include</Filter>
    </ClInclude>
    <ClInclude Include="..\include\octree\detail\bitset_arithmetic.h">
      <Filter>Header Files\include\detail</Filter>
    </ClInclude>
    <ClInclude Include="..\include\octree\detail\inplace_vector.h">
      <Filter>Header Files\include\detail</Filter>
    </ClInclude>
    <ClInclude Include="..\include\octree\detail\common.h">
      <Filter>Header Files\include\detail</Filter>
    </ClInclude>
    <ClInclude Include="..\include\octree\detail\zip_view.h">
      <Filter>Header Files\include\detail</Filter>
    </ClInclude>
    <ClInclude Include="..\include\octree\detail\memory_resource.h">
      <Filter>Header Files\include\detail</Filter>
    </ClInclude>
    <ClInclude Include="..\include\octree\adapters\boost.h">
      <Filter>Header Files\include\adapters</Filter>
    </ClInclude>
    <ClInclude Include="..\include\octree\adapters\cgal.h">
      <Filter>Header Files\include\adapters</Filter>
    </ClInclude>
    <ClInclude Include="..\include\octree\adapters\concepts.h">
      <Filter>Header Files\include\adapters</Filter>
    </ClInclude>
    <ClInclude Include="..\include\octree\adapters\eigen.h">
      <Filter>Header Files\include\adapters</Filter>
    </ClInclude>
    <ClInclude Include="..\include\octree\adapters\general.h">
      <Filter>Header Files\include\adapters</Filter>
    </ClInclude>
    <ClInclude Include="..\include\octree\adapters\glm.h">
      <Filter>Header Files\include\adapters</Filter>
    </ClInclude>
    <ClInclude Include="..\include\octree\adapters\unreal.h">
      <Filter>Header Files\include\adapters</Filter>
    </ClInclude>
    <ClInclude Include="..\include\octree\adapters\xyz.h">
      <Filter>Header Files\include\adapters</Filter>
    </ClInclude>
    <ClInclude Include="..\include\octree\detail\internal_geometry_module.h">
      <Filter>Header Files\include\detail</Filter>
    </ClInclude>
    <ClInclude Include="..\include\octree\detail\morton_space_indexing.h">
      <Filter>Header Files\include\detail</Filter>
    </ClInclude>
    <ClInclude Include="..\include\octree\detail\grid_space_indexing.h">
      <Filter>Header Files\include\detail</Filter>
    </ClInclude>
    <ClInclude Include="..\include\octree\detail\partitioning.h">
      <Filter>Header Files\include\detail</Filter>
    </ClInclude>
    <ClInclude Include="..\include\octree\detail\undefs.h">
      <Filter>Header Files\include\detail</Filter>
    </ClInclude>
  </ItemGroup>
  <ItemGroup>
    <None Include="packages.config" />
  </ItemGroup>
  <ItemGroup>
    <Natvis Include="visualizer.natvis" />
  </ItemGroup>
</Project>